// !$*UTF8*$!
{
	archiveVersion = 1;
	classes = {
	};
	objectVersion = 46;
	objects = {

/* Begin PBXBuildFile section */
		611B8E8A1D6A378C0062E704 /* FilterContainer.swift in Sources */ = {isa = PBXBuildFile; fileRef = 611B8E891D6A378C0062E704 /* FilterContainer.swift */; };
		611B8E8C1D6A3D530062E704 /* FIRFilter.swift in Sources */ = {isa = PBXBuildFile; fileRef = 611B8E8B1D6A3D530062E704 /* FIRFilter.swift */; };
		611B8E8F1D6C31C60062E704 /* FIRFilterTests.swift in Sources */ = {isa = PBXBuildFile; fileRef = 611B8E8E1D6C31C60062E704 /* FIRFilterTests.swift */; };
		611B8E911D6C375B0062E704 /* Utils.swift in Sources */ = {isa = PBXBuildFile; fileRef = 611B8E901D6C375B0062E704 /* Utils.swift */; };
		6120EE7F1D38BB0F003F92E8 /* AppDelegate.swift in Sources */ = {isa = PBXBuildFile; fileRef = 6120EE7E1D38BB0F003F92E8 /* AppDelegate.swift */; };
		6120EE811D38BB0F003F92E8 /* ReceiveViewController.swift in Sources */ = {isa = PBXBuildFile; fileRef = 6120EE801D38BB0F003F92E8 /* ReceiveViewController.swift */; };
		6120EE841D38BB0F003F92E8 /* Main.storyboard in Resources */ = {isa = PBXBuildFile; fileRef = 6120EE821D38BB0F003F92E8 /* Main.storyboard */; };
		6120EE861D38BB0F003F92E8 /* Assets.xcassets in Resources */ = {isa = PBXBuildFile; fileRef = 6120EE851D38BB0F003F92E8 /* Assets.xcassets */; };
		6120EE891D38BB0F003F92E8 /* LaunchScreen.storyboard in Resources */ = {isa = PBXBuildFile; fileRef = 6120EE871D38BB0F003F92E8 /* LaunchScreen.storyboard */; };
		6120EE941D38BB0F003F92E8 /* ModulatorTests.swift in Sources */ = {isa = PBXBuildFile; fileRef = 6120EE931D38BB0F003F92E8 /* ModulatorTests.swift */; };
		6120EE9F1D38BB0F003F92E8 /* ModulatorUITests.swift in Sources */ = {isa = PBXBuildFile; fileRef = 6120EE9E1D38BB0F003F92E8 /* ModulatorUITests.swift */; };
		6124682B1D5AF73900D1E42A /* Listener.swift in Sources */ = {isa = PBXBuildFile; fileRef = 6124682A1D5AF73900D1E42A /* Listener.swift */; };
		612646011D92848F0081C6CE /* ComplexFIRFilter.swift in Sources */ = {isa = PBXBuildFile; fileRef = 612646001D92848F0081C6CE /* ComplexFIRFilter.swift */; };
		612646031D9298AF0081C6CE /* BufferUtils.swift in Sources */ = {isa = PBXBuildFile; fileRef = 612646021D9298AF0081C6CE /* BufferUtils.swift */; };
		615410551D920B8800A7ABFF /* SAMicrophoneInput.m in Sources */ = {isa = PBXBuildFile; fileRef = 615410541D920B8800A7ABFF /* SAMicrophoneInput.m */; };
		61878FBB1D40B850003EE788 /* PLL.swift in Sources */ = {isa = PBXBuildFile; fileRef = 61878FBA1D40B850003EE788 /* PLL.swift */; };
		61878FBD1D40BD73003EE788 /* Accelerate.framework in Frameworks */ = {isa = PBXBuildFile; fileRef = 61878FBC1D40BD73003EE788 /* Accelerate.framework */; };
		61E758FA1D930F220009E22B /* Utils.swift in Sources */ = {isa = PBXBuildFile; fileRef = 61E758F91D930F220009E22B /* Utils.swift */; };
		61E758FC1D93A7560009E22B /* UtilsTests.swift in Sources */ = {isa = PBXBuildFile; fileRef = 61E758FB1D93A7560009E22B /* UtilsTests.swift */; };
/* End PBXBuildFile section */

/* Begin PBXContainerItemProxy section */
		6120EE901D38BB0F003F92E8 /* PBXContainerItemProxy */ = {
			isa = PBXContainerItemProxy;
			containerPortal = 6120EE731D38BB0F003F92E8 /* Project object */;
			proxyType = 1;
			remoteGlobalIDString = 6120EE7A1D38BB0F003F92E8;
			remoteInfo = Modulator;
		};
		6120EE9B1D38BB0F003F92E8 /* PBXContainerItemProxy */ = {
			isa = PBXContainerItemProxy;
			containerPortal = 6120EE731D38BB0F003F92E8 /* Project object */;
			proxyType = 1;
			remoteGlobalIDString = 6120EE7A1D38BB0F003F92E8;
			remoteInfo = Modulator;
		};
/* End PBXContainerItemProxy section */

/* Begin PBXCopyFilesBuildPhase section */
		6120EEB61D38BBF3003F92E8 /* Embed Frameworks */ = {
			isa = PBXCopyFilesBuildPhase;
			buildActionMask = 2147483647;
			dstPath = "";
			dstSubfolderSpec = 10;
			files = (
			);
			name = "Embed Frameworks";
			runOnlyForDeploymentPostprocessing = 0;
		};
/* End PBXCopyFilesBuildPhase section */

/* Begin PBXFileReference section */
		611B8E891D6A378C0062E704 /* FilterContainer.swift */ = {isa = PBXFileReference; fileEncoding = 4; lastKnownFileType = sourcecode.swift; path = FilterContainer.swift; sourceTree = "<group>"; };
		611B8E8B1D6A3D530062E704 /* FIRFilter.swift */ = {isa = PBXFileReference; fileEncoding = 4; lastKnownFileType = sourcecode.swift; path = FIRFilter.swift; sourceTree = "<group>"; };
		611B8E8E1D6C31C60062E704 /* FIRFilterTests.swift */ = {isa = PBXFileReference; fileEncoding = 4; lastKnownFileType = sourcecode.swift; path = FIRFilterTests.swift; sourceTree = "<group>"; };
		611B8E901D6C375B0062E704 /* Utils.swift */ = {isa = PBXFileReference; fileEncoding = 4; lastKnownFileType = sourcecode.swift; path = Utils.swift; sourceTree = "<group>"; };
		6120EE7B1D38BB0F003F92E8 /* Modulator.app */ = {isa = PBXFileReference; explicitFileType = wrapper.application; includeInIndex = 0; path = Modulator.app; sourceTree = BUILT_PRODUCTS_DIR; };
		6120EE7E1D38BB0F003F92E8 /* AppDelegate.swift */ = {isa = PBXFileReference; lastKnownFileType = sourcecode.swift; path = AppDelegate.swift; sourceTree = "<group>"; };
		6120EE801D38BB0F003F92E8 /* ReceiveViewController.swift */ = {isa = PBXFileReference; lastKnownFileType = sourcecode.swift; path = ReceiveViewController.swift; sourceTree = "<group>"; };
		6120EE831D38BB0F003F92E8 /* Base */ = {isa = PBXFileReference; lastKnownFileType = file.storyboard; name = Base; path = Base.lproj/Main.storyboard; sourceTree = "<group>"; };
		6120EE851D38BB0F003F92E8 /* Assets.xcassets */ = {isa = PBXFileReference; lastKnownFileType = folder.assetcatalog; path = Assets.xcassets; sourceTree = "<group>"; };
		6120EE881D38BB0F003F92E8 /* Base */ = {isa = PBXFileReference; lastKnownFileType = file.storyboard; name = Base; path = Base.lproj/LaunchScreen.storyboard; sourceTree = "<group>"; };
		6120EE8A1D38BB0F003F92E8 /* Info.plist */ = {isa = PBXFileReference; lastKnownFileType = text.plist.xml; path = Info.plist; sourceTree = "<group>"; };
		6120EE8F1D38BB0F003F92E8 /* ModulatorTests.xctest */ = {isa = PBXFileReference; explicitFileType = wrapper.cfbundle; includeInIndex = 0; path = ModulatorTests.xctest; sourceTree = BUILT_PRODUCTS_DIR; };
		6120EE931D38BB0F003F92E8 /* ModulatorTests.swift */ = {isa = PBXFileReference; lastKnownFileType = sourcecode.swift; path = ModulatorTests.swift; sourceTree = "<group>"; };
		6120EE951D38BB0F003F92E8 /* Info.plist */ = {isa = PBXFileReference; lastKnownFileType = text.plist.xml; path = Info.plist; sourceTree = "<group>"; };
		6120EE9A1D38BB0F003F92E8 /* ModulatorUITests.xctest */ = {isa = PBXFileReference; explicitFileType = wrapper.cfbundle; includeInIndex = 0; path = ModulatorUITests.xctest; sourceTree = BUILT_PRODUCTS_DIR; };
		6120EE9E1D38BB0F003F92E8 /* ModulatorUITests.swift */ = {isa = PBXFileReference; lastKnownFileType = sourcecode.swift; path = ModulatorUITests.swift; sourceTree = "<group>"; };
		6120EEA01D38BB0F003F92E8 /* Info.plist */ = {isa = PBXFileReference; lastKnownFileType = text.plist.xml; path = Info.plist; sourceTree = "<group>"; };
		6124682A1D5AF73900D1E42A /* Listener.swift */ = {isa = PBXFileReference; fileEncoding = 4; lastKnownFileType = sourcecode.swift; path = Listener.swift; sourceTree = "<group>"; };
		612646001D92848F0081C6CE /* ComplexFIRFilter.swift */ = {isa = PBXFileReference; fileEncoding = 4; lastKnownFileType = sourcecode.swift; path = ComplexFIRFilter.swift; sourceTree = "<group>"; };
		612646021D9298AF0081C6CE /* BufferUtils.swift */ = {isa = PBXFileReference; fileEncoding = 4; lastKnownFileType = sourcecode.swift; path = BufferUtils.swift; sourceTree = "<group>"; };
		615410521D920B8700A7ABFF /* Modulator-Bridging-Header.h */ = {isa = PBXFileReference; lastKnownFileType = sourcecode.c.h; path = "Modulator-Bridging-Header.h"; sourceTree = "<group>"; };
		615410531D920B8800A7ABFF /* SAMicrophoneInput.h */ = {isa = PBXFileReference; fileEncoding = 4; lastKnownFileType = sourcecode.c.h; path = SAMicrophoneInput.h; sourceTree = "<group>"; };
		615410541D920B8800A7ABFF /* SAMicrophoneInput.m */ = {isa = PBXFileReference; fileEncoding = 4; lastKnownFileType = sourcecode.c.objc; path = SAMicrophoneInput.m; sourceTree = "<group>"; };
		61878FBA1D40B850003EE788 /* PLL.swift */ = {isa = PBXFileReference; fileEncoding = 4; lastKnownFileType = sourcecode.swift; path = PLL.swift; sourceTree = "<group>"; };
		61878FBC1D40BD73003EE788 /* Accelerate.framework */ = {isa = PBXFileReference; lastKnownFileType = wrapper.framework; name = Accelerate.framework; path = System/Library/Frameworks/Accelerate.framework; sourceTree = SDKROOT; };
		61E758F91D930F220009E22B /* Utils.swift */ = {isa = PBXFileReference; fileEncoding = 4; lastKnownFileType = sourcecode.swift; path = Utils.swift; sourceTree = "<group>"; };
		61E758FB1D93A7560009E22B /* UtilsTests.swift */ = {isa = PBXFileReference; fileEncoding = 4; lastKnownFileType = sourcecode.swift; path = UtilsTests.swift; sourceTree = "<group>"; };
/* End PBXFileReference section */

/* Begin PBXFrameworksBuildPhase section */
		6120EE781D38BB0F003F92E8 /* Frameworks */ = {
			isa = PBXFrameworksBuildPhase;
			buildActionMask = 2147483647;
			files = (
				61878FBD1D40BD73003EE788 /* Accelerate.framework in Frameworks */,
			);
			runOnlyForDeploymentPostprocessing = 0;
		};
		6120EE8C1D38BB0F003F92E8 /* Frameworks */ = {
			isa = PBXFrameworksBuildPhase;
			buildActionMask = 2147483647;
			files = (
			);
			runOnlyForDeploymentPostprocessing = 0;
		};
		6120EE971D38BB0F003F92E8 /* Frameworks */ = {
			isa = PBXFrameworksBuildPhase;
			buildActionMask = 2147483647;
			files = (
			);
			runOnlyForDeploymentPostprocessing = 0;
		};
/* End PBXFrameworksBuildPhase section */

/* Begin PBXGroup section */
		611B8E8D1D6C31B30062E704 /* ModelTests */ = {
			isa = PBXGroup;
			children = (
				611B8E8E1D6C31C60062E704 /* FIRFilterTests.swift */,
				61E758FB1D93A7560009E22B /* UtilsTests.swift */,
			);
			name = ModelTests;
			sourceTree = "<group>";
		};
		6120EE721D38BB0F003F92E8 = {
			isa = PBXGroup;
			children = (
				61878FBC1D40BD73003EE788 /* Accelerate.framework */,
				6120EE7D1D38BB0F003F92E8 /* Modulator */,
				6120EE921D38BB0F003F92E8 /* ModulatorTests */,
				6120EE9D1D38BB0F003F92E8 /* ModulatorUITests */,
				6120EE7C1D38BB0F003F92E8 /* Products */,
			);
			sourceTree = "<group>";
		};
		6120EE7C1D38BB0F003F92E8 /* Products */ = {
			isa = PBXGroup;
			children = (
				6120EE7B1D38BB0F003F92E8 /* Modulator.app */,
				6120EE8F1D38BB0F003F92E8 /* ModulatorTests.xctest */,
				6120EE9A1D38BB0F003F92E8 /* ModulatorUITests.xctest */,
			);
			name = Products;
			sourceTree = "<group>";
		};
		6120EE7D1D38BB0F003F92E8 /* Modulator */ = {
			isa = PBXGroup;
			children = (
				612468271D5AF6F700D1E42A /* Models */,
				6120EE7E1D38BB0F003F92E8 /* AppDelegate.swift */,
				6120EE801D38BB0F003F92E8 /* ReceiveViewController.swift */,
				6120EE821D38BB0F003F92E8 /* Main.storyboard */,
				6120EE851D38BB0F003F92E8 /* Assets.xcassets */,
				6120EE871D38BB0F003F92E8 /* LaunchScreen.storyboard */,
				6120EE8A1D38BB0F003F92E8 /* Info.plist */,
				61878FBA1D40B850003EE788 /* PLL.swift */,
			);
			path = Modulator;
			sourceTree = "<group>";
		};
		6120EE921D38BB0F003F92E8 /* ModulatorTests */ = {
			isa = PBXGroup;
			children = (
				611B8E8D1D6C31B30062E704 /* ModelTests */,
				6120EE931D38BB0F003F92E8 /* ModulatorTests.swift */,
				6120EE951D38BB0F003F92E8 /* Info.plist */,
				611B8E901D6C375B0062E704 /* Utils.swift */,
			);
			path = ModulatorTests;
			sourceTree = "<group>";
		};
		6120EE9D1D38BB0F003F92E8 /* ModulatorUITests */ = {
			isa = PBXGroup;
			children = (
				6120EE9E1D38BB0F003F92E8 /* ModulatorUITests.swift */,
				6120EEA01D38BB0F003F92E8 /* Info.plist */,
			);
			path = ModulatorUITests;
			sourceTree = "<group>";
		};
		612468271D5AF6F700D1E42A /* Models */ = {
			isa = PBXGroup;
			children = (
				615410531D920B8800A7ABFF /* SAMicrophoneInput.h */,
				615410541D920B8800A7ABFF /* SAMicrophoneInput.m */,
				6124682A1D5AF73900D1E42A /* Listener.swift */,
				611B8E891D6A378C0062E704 /* FilterContainer.swift */,
				611B8E8B1D6A3D530062E704 /* FIRFilter.swift */,
				615410521D920B8700A7ABFF /* Modulator-Bridging-Header.h */,
				612646001D92848F0081C6CE /* ComplexFIRFilter.swift */,
				612646021D9298AF0081C6CE /* BufferUtils.swift */,
				61E758F91D930F220009E22B /* Utils.swift */,
			);
			name = Models;
			sourceTree = "<group>";
		};
/* End PBXGroup section */

/* Begin PBXNativeTarget section */
		6120EE7A1D38BB0F003F92E8 /* Modulator */ = {
			isa = PBXNativeTarget;
			buildConfigurationList = 6120EEA31D38BB0F003F92E8 /* Build configuration list for PBXNativeTarget "Modulator" */;
			buildPhases = (
				6120EE771D38BB0F003F92E8 /* Sources */,
				6120EE781D38BB0F003F92E8 /* Frameworks */,
				6120EE791D38BB0F003F92E8 /* Resources */,
				6120EEB61D38BBF3003F92E8 /* Embed Frameworks */,
			);
			buildRules = (
			);
			dependencies = (
			);
			name = Modulator;
			productName = Modulator;
			productReference = 6120EE7B1D38BB0F003F92E8 /* Modulator.app */;
			productType = "com.apple.product-type.application";
		};
		6120EE8E1D38BB0F003F92E8 /* ModulatorTests */ = {
			isa = PBXNativeTarget;
			buildConfigurationList = 6120EEA61D38BB0F003F92E8 /* Build configuration list for PBXNativeTarget "ModulatorTests" */;
			buildPhases = (
				6120EE8B1D38BB0F003F92E8 /* Sources */,
				6120EE8C1D38BB0F003F92E8 /* Frameworks */,
				6120EE8D1D38BB0F003F92E8 /* Resources */,
			);
			buildRules = (
			);
			dependencies = (
				6120EE911D38BB0F003F92E8 /* PBXTargetDependency */,
			);
			name = ModulatorTests;
			productName = ModulatorTests;
			productReference = 6120EE8F1D38BB0F003F92E8 /* ModulatorTests.xctest */;
			productType = "com.apple.product-type.bundle.unit-test";
		};
		6120EE991D38BB0F003F92E8 /* ModulatorUITests */ = {
			isa = PBXNativeTarget;
			buildConfigurationList = 6120EEA91D38BB0F003F92E8 /* Build configuration list for PBXNativeTarget "ModulatorUITests" */;
			buildPhases = (
				6120EE961D38BB0F003F92E8 /* Sources */,
				6120EE971D38BB0F003F92E8 /* Frameworks */,
				6120EE981D38BB0F003F92E8 /* Resources */,
			);
			buildRules = (
			);
			dependencies = (
				6120EE9C1D38BB0F003F92E8 /* PBXTargetDependency */,
			);
			name = ModulatorUITests;
			productName = ModulatorUITests;
			productReference = 6120EE9A1D38BB0F003F92E8 /* ModulatorUITests.xctest */;
			productType = "com.apple.product-type.bundle.ui-testing";
		};
/* End PBXNativeTarget section */

/* Begin PBXProject section */
		6120EE731D38BB0F003F92E8 /* Project object */ = {
			isa = PBXProject;
			attributes = {
				LastSwiftUpdateCheck = 0730;
				LastUpgradeCheck = 0800;
				ORGANIZATIONNAME = dimnsionofsound;
				TargetAttributes = {
					6120EE7A1D38BB0F003F92E8 = {
						CreatedOnToolsVersion = 7.3.1;
						DevelopmentTeam = YR937RG9QX;
						LastSwiftMigration = 0800;
					};
					6120EE8E1D38BB0F003F92E8 = {
						CreatedOnToolsVersion = 7.3.1;
						LastSwiftMigration = 0800;
						TestTargetID = 6120EE7A1D38BB0F003F92E8;
					};
					6120EE991D38BB0F003F92E8 = {
						CreatedOnToolsVersion = 7.3.1;
						LastSwiftMigration = 0800;
						TestTargetID = 6120EE7A1D38BB0F003F92E8;
					};
				};
			};
			buildConfigurationList = 6120EE761D38BB0F003F92E8 /* Build configuration list for PBXProject "Modulator" */;
			compatibilityVersion = "Xcode 3.2";
			developmentRegion = English;
			hasScannedForEncodings = 0;
			knownRegions = (
				en,
				Base,
			);
			mainGroup = 6120EE721D38BB0F003F92E8;
			productRefGroup = 6120EE7C1D38BB0F003F92E8 /* Products */;
			projectDirPath = "";
			projectRoot = "";
			targets = (
				6120EE7A1D38BB0F003F92E8 /* Modulator */,
				6120EE8E1D38BB0F003F92E8 /* ModulatorTests */,
				6120EE991D38BB0F003F92E8 /* ModulatorUITests */,
			);
		};
/* End PBXProject section */

/* Begin PBXResourcesBuildPhase section */
		6120EE791D38BB0F003F92E8 /* Resources */ = {
			isa = PBXResourcesBuildPhase;
			buildActionMask = 2147483647;
			files = (
				6120EE891D38BB0F003F92E8 /* LaunchScreen.storyboard in Resources */,
				6120EE861D38BB0F003F92E8 /* Assets.xcassets in Resources */,
				6120EE841D38BB0F003F92E8 /* Main.storyboard in Resources */,
			);
			runOnlyForDeploymentPostprocessing = 0;
		};
		6120EE8D1D38BB0F003F92E8 /* Resources */ = {
			isa = PBXResourcesBuildPhase;
			buildActionMask = 2147483647;
			files = (
			);
			runOnlyForDeploymentPostprocessing = 0;
		};
		6120EE981D38BB0F003F92E8 /* Resources */ = {
			isa = PBXResourcesBuildPhase;
			buildActionMask = 2147483647;
			files = (
			);
			runOnlyForDeploymentPostprocessing = 0;
		};
/* End PBXResourcesBuildPhase section */

/* Begin PBXSourcesBuildPhase section */
		6120EE771D38BB0F003F92E8 /* Sources */ = {
			isa = PBXSourcesBuildPhase;
			buildActionMask = 2147483647;
			files = (
				612646011D92848F0081C6CE /* ComplexFIRFilter.swift in Sources */,
				61878FBB1D40B850003EE788 /* PLL.swift in Sources */,
				611B8E8A1D6A378C0062E704 /* FilterContainer.swift in Sources */,
				615410551D920B8800A7ABFF /* SAMicrophoneInput.m in Sources */,
				6124682B1D5AF73900D1E42A /* Listener.swift in Sources */,
				61E758FA1D930F220009E22B /* Utils.swift in Sources */,
				6120EE811D38BB0F003F92E8 /* ReceiveViewController.swift in Sources */,
				611B8E8C1D6A3D530062E704 /* FIRFilter.swift in Sources */,
				612646031D9298AF0081C6CE /* BufferUtils.swift in Sources */,
				6120EE7F1D38BB0F003F92E8 /* AppDelegate.swift in Sources */,
			);
			runOnlyForDeploymentPostprocessing = 0;
		};
		6120EE8B1D38BB0F003F92E8 /* Sources */ = {
			isa = PBXSourcesBuildPhase;
			buildActionMask = 2147483647;
			files = (
				6120EE941D38BB0F003F92E8 /* ModulatorTests.swift in Sources */,
				611B8E8F1D6C31C60062E704 /* FIRFilterTests.swift in Sources */,
				611B8E911D6C375B0062E704 /* Utils.swift in Sources */,
				61E758FC1D93A7560009E22B /* UtilsTests.swift in Sources */,
			);
			runOnlyForDeploymentPostprocessing = 0;
		};
		6120EE961D38BB0F003F92E8 /* Sources */ = {
			isa = PBXSourcesBuildPhase;
			buildActionMask = 2147483647;
			files = (
				6120EE9F1D38BB0F003F92E8 /* ModulatorUITests.swift in Sources */,
			);
			runOnlyForDeploymentPostprocessing = 0;
		};
/* End PBXSourcesBuildPhase section */

/* Begin PBXTargetDependency section */
		6120EE911D38BB0F003F92E8 /* PBXTargetDependency */ = {
			isa = PBXTargetDependency;
			target = 6120EE7A1D38BB0F003F92E8 /* Modulator */;
			targetProxy = 6120EE901D38BB0F003F92E8 /* PBXContainerItemProxy */;
		};
		6120EE9C1D38BB0F003F92E8 /* PBXTargetDependency */ = {
			isa = PBXTargetDependency;
			target = 6120EE7A1D38BB0F003F92E8 /* Modulator */;
			targetProxy = 6120EE9B1D38BB0F003F92E8 /* PBXContainerItemProxy */;
		};
/* End PBXTargetDependency section */

/* Begin PBXVariantGroup section */
		6120EE821D38BB0F003F92E8 /* Main.storyboard */ = {
			isa = PBXVariantGroup;
			children = (
				6120EE831D38BB0F003F92E8 /* Base */,
			);
			name = Main.storyboard;
			sourceTree = "<group>";
		};
		6120EE871D38BB0F003F92E8 /* LaunchScreen.storyboard */ = {
			isa = PBXVariantGroup;
			children = (
				6120EE881D38BB0F003F92E8 /* Base */,
			);
			name = LaunchScreen.storyboard;
			sourceTree = "<group>";
		};
/* End PBXVariantGroup section */

/* Begin XCBuildConfiguration section */
		6120EEA11D38BB0F003F92E8 /* Debug */ = {
			isa = XCBuildConfiguration;
			buildSettings = {
				ALWAYS_SEARCH_USER_PATHS = NO;
				CLANG_ANALYZER_NONNULL = YES;
				CLANG_CXX_LANGUAGE_STANDARD = "gnu++0x";
				CLANG_CXX_LIBRARY = "libc++";
				CLANG_ENABLE_MODULES = YES;
				CLANG_ENABLE_OBJC_ARC = YES;
				CLANG_WARN_BOOL_CONVERSION = YES;
				CLANG_WARN_CONSTANT_CONVERSION = YES;
				CLANG_WARN_DIRECT_OBJC_ISA_USAGE = YES_ERROR;
				CLANG_WARN_EMPTY_BODY = YES;
				CLANG_WARN_ENUM_CONVERSION = YES;
				CLANG_WARN_INFINITE_RECURSION = YES;
				CLANG_WARN_INT_CONVERSION = YES;
				CLANG_WARN_OBJC_ROOT_CLASS = YES_ERROR;
				CLANG_WARN_SUSPICIOUS_MOVE = YES;
				CLANG_WARN_UNREACHABLE_CODE = YES;
				CLANG_WARN__DUPLICATE_METHOD_MATCH = YES;
				"CODE_SIGN_IDENTITY[sdk=iphoneos*]" = "iPhone Developer";
				COPY_PHASE_STRIP = NO;
				DEBUG_INFORMATION_FORMAT = dwarf;
				ENABLE_STRICT_OBJC_MSGSEND = YES;
				ENABLE_TESTABILITY = YES;
				GCC_C_LANGUAGE_STANDARD = gnu99;
				GCC_DYNAMIC_NO_PIC = NO;
				GCC_NO_COMMON_BLOCKS = YES;
				GCC_OPTIMIZATION_LEVEL = 0;
				GCC_PREPROCESSOR_DEFINITIONS = (
					"DEBUG=1",
					"$(inherited)",
				);
				GCC_WARN_64_TO_32_BIT_CONVERSION = YES;
				GCC_WARN_ABOUT_RETURN_TYPE = YES_ERROR;
				GCC_WARN_UNDECLARED_SELECTOR = YES;
				GCC_WARN_UNINITIALIZED_AUTOS = YES_AGGRESSIVE;
				GCC_WARN_UNUSED_FUNCTION = YES;
				GCC_WARN_UNUSED_VARIABLE = YES;
				IPHONEOS_DEPLOYMENT_TARGET = 9.3;
				MTL_ENABLE_DEBUG_INFO = YES;
				ONLY_ACTIVE_ARCH = YES;
				SDKROOT = iphoneos;
				SWIFT_OPTIMIZATION_LEVEL = "-Onone";
				TARGETED_DEVICE_FAMILY = "1,2";
			};
			name = Debug;
		};
		6120EEA21D38BB0F003F92E8 /* Release */ = {
			isa = XCBuildConfiguration;
			buildSettings = {
				ALWAYS_SEARCH_USER_PATHS = NO;
				CLANG_ANALYZER_NONNULL = YES;
				CLANG_CXX_LANGUAGE_STANDARD = "gnu++0x";
				CLANG_CXX_LIBRARY = "libc++";
				CLANG_ENABLE_MODULES = YES;
				CLANG_ENABLE_OBJC_ARC = YES;
				CLANG_WARN_BOOL_CONVERSION = YES;
				CLANG_WARN_CONSTANT_CONVERSION = YES;
				CLANG_WARN_DIRECT_OBJC_ISA_USAGE = YES_ERROR;
				CLANG_WARN_EMPTY_BODY = YES;
				CLANG_WARN_ENUM_CONVERSION = YES;
				CLANG_WARN_INFINITE_RECURSION = YES;
				CLANG_WARN_INT_CONVERSION = YES;
				CLANG_WARN_OBJC_ROOT_CLASS = YES_ERROR;
				CLANG_WARN_SUSPICIOUS_MOVE = YES;
				CLANG_WARN_UNREACHABLE_CODE = YES;
				CLANG_WARN__DUPLICATE_METHOD_MATCH = YES;
				"CODE_SIGN_IDENTITY[sdk=iphoneos*]" = "iPhone Developer";
				COPY_PHASE_STRIP = NO;
				DEBUG_INFORMATION_FORMAT = "dwarf-with-dsym";
				ENABLE_NS_ASSERTIONS = NO;
				ENABLE_STRICT_OBJC_MSGSEND = YES;
				GCC_C_LANGUAGE_STANDARD = gnu99;
				GCC_NO_COMMON_BLOCKS = YES;
				GCC_WARN_64_TO_32_BIT_CONVERSION = YES;
				GCC_WARN_ABOUT_RETURN_TYPE = YES_ERROR;
				GCC_WARN_UNDECLARED_SELECTOR = YES;
				GCC_WARN_UNINITIALIZED_AUTOS = YES_AGGRESSIVE;
				GCC_WARN_UNUSED_FUNCTION = YES;
				GCC_WARN_UNUSED_VARIABLE = YES;
				IPHONEOS_DEPLOYMENT_TARGET = 9.3;
				MTL_ENABLE_DEBUG_INFO = NO;
				SDKROOT = iphoneos;
				SWIFT_OPTIMIZATION_LEVEL = "-Owholemodule";
				TARGETED_DEVICE_FAMILY = "1,2";
				VALIDATE_PRODUCT = YES;
			};
			name = Release;
		};
		6120EEA41D38BB0F003F92E8 /* Debug */ = {
			isa = XCBuildConfiguration;
			buildSettings = {
				ASSETCATALOG_COMPILER_APPICON_NAME = AppIcon;
				CLANG_ENABLE_MODULES = YES;
				CODE_SIGN_IDENTITY = "iPhone Developer";
				"CODE_SIGN_IDENTITY[sdk=iphoneos*]" = "iPhone Developer";
				DEVELOPMENT_TEAM = YR937RG9QX;
				FRAMEWORK_SEARCH_PATHS = "$(inherited)";
				INFOPLIST_FILE = Modulator/Info.plist;
				LD_RUNPATH_SEARCH_PATHS = "$(inherited) @executable_path/Frameworks";
				PRODUCT_BUNDLE_IDENTIFIER = com.dimnsionofsound.Modulator;
				PRODUCT_NAME = "$(TARGET_NAME)";
				PROVISIONING_PROFILE = "";
				SWIFT_OBJC_BRIDGING_HEADER = "Modulator/Modulator-Bridging-Header.h";
				SWIFT_OPTIMIZATION_LEVEL = "-Onone";
				SWIFT_VERSION = 3.0;
			};
			name = Debug;
		};
		6120EEA51D38BB0F003F92E8 /* Release */ = {
			isa = XCBuildConfiguration;
			buildSettings = {
				ASSETCATALOG_COMPILER_APPICON_NAME = AppIcon;
				CLANG_ENABLE_MODULES = YES;
				CODE_SIGN_IDENTITY = "iPhone Developer";
				"CODE_SIGN_IDENTITY[sdk=iphoneos*]" = "iPhone Developer";
				DEVELOPMENT_TEAM = YR937RG9QX;
				FRAMEWORK_SEARCH_PATHS = "$(inherited)";
				INFOPLIST_FILE = Modulator/Info.plist;
				LD_RUNPATH_SEARCH_PATHS = "$(inherited) @executable_path/Frameworks";
				PRODUCT_BUNDLE_IDENTIFIER = com.dimnsionofsound.Modulator;
				PRODUCT_NAME = "$(TARGET_NAME)";
				PROVISIONING_PROFILE = "";
				SWIFT_OBJC_BRIDGING_HEADER = "Modulator/Modulator-Bridging-Header.h";
				SWIFT_VERSION = 3.0;
			};
			name = Release;
		};
		6120EEA71D38BB0F003F92E8 /* Debug */ = {
			isa = XCBuildConfiguration;
			buildSettings = {
				BUNDLE_LOADER = "$(TEST_HOST)";
				INFOPLIST_FILE = ModulatorTests/Info.plist;
				LD_RUNPATH_SEARCH_PATHS = "$(inherited) @executable_path/Frameworks @loader_path/Frameworks";
				PRODUCT_BUNDLE_IDENTIFIER = com.dimnsionofsound.ModulatorTests;
				PRODUCT_NAME = "$(TARGET_NAME)";
				SWIFT_VERSION = 3.0;
				TEST_HOST = "$(BUILT_PRODUCTS_DIR)/Modulator.app/Modulator";
			};
			name = Debug;
		};
		6120EEA81D38BB0F003F92E8 /* Release */ = {
			isa = XCBuildConfiguration;
			buildSettings = {
				BUNDLE_LOADER = "$(TEST_HOST)";
				INFOPLIST_FILE = ModulatorTests/Info.plist;
				LD_RUNPATH_SEARCH_PATHS = "$(inherited) @executable_path/Frameworks @loader_path/Frameworks";
				PRODUCT_BUNDLE_IDENTIFIER = com.dimnsionofsound.ModulatorTests;
				PRODUCT_NAME = "$(TARGET_NAME)";
				SWIFT_VERSION = 3.0;
				TEST_HOST = "$(BUILT_PRODUCTS_DIR)/Modulator.app/Modulator";
			};
			name = Release;
		};
		6120EEAA1D38BB0F003F92E8 /* Debug */ = {
			isa = XCBuildConfiguration;
			buildSettings = {
				INFOPLIST_FILE = ModulatorUITests/Info.plist;
				LD_RUNPATH_SEARCH_PATHS = "$(inherited) @executable_path/Frameworks @loader_path/Frameworks";
				PRODUCT_BUNDLE_IDENTIFIER = com.dimnsionofsound.ModulatorUITests;
				PRODUCT_NAME = "$(TARGET_NAME)";
				SWIFT_VERSION = 3.0;
				TEST_TARGET_NAME = Modulator;
			};
			name = Debug;
		};
		6120EEAB1D38BB0F003F92E8 /* Release */ = {
			isa = XCBuildConfiguration;
			buildSettings = {
				INFOPLIST_FILE = ModulatorUITests/Info.plist;
				LD_RUNPATH_SEARCH_PATHS = "$(inherited) @executable_path/Frameworks @loader_path/Frameworks";
				PRODUCT_BUNDLE_IDENTIFIER = com.dimnsionofsound.ModulatorUITests;
				PRODUCT_NAME = "$(TARGET_NAME)";
				SWIFT_VERSION = 3.0;
				TEST_TARGET_NAME = Modulator;
			};
			name = Release;
		};
/* End XCBuildConfiguration section */

/* Begin XCConfigurationList section */
		6120EE761D38BB0F003F92E8 /* Build configuration list for PBXProject "Modulator" */ = {
			isa = XCConfigurationList;
			buildConfigurations = (
				6120EEA11D38BB0F003F92E8 /* Debug */,
				6120EEA21D38BB0F003F92E8 /* Release */,
			);
			defaultConfigurationIsVisible = 0;
			defaultConfigurationName = Release;
		};
		6120EEA31D38BB0F003F92E8 /* Build configuration list for PBXNativeTarget "Modulator" */ = {
			isa = XCConfigurationList;
			buildConfigurations = (
				6120EEA41D38BB0F003F92E8 /* Debug */,
				6120EEA51D38BB0F003F92E8 /* Release */,
			);
			defaultConfigurationIsVisible = 0;
			defaultConfigurationName = Release;
		};
		6120EEA61D38BB0F003F92E8 /* Build configuration list for PBXNativeTarget "ModulatorTests" */ = {
			isa = XCConfigurationList;
			buildConfigurations = (
				6120EEA71D38BB0F003F92E8 /* Debug */,
				6120EEA81D38BB0F003F92E8 /* Release */,
			);
			defaultConfigurationIsVisible = 0;
			defaultConfigurationName = Release;
		};
		6120EEA91D38BB0F003F92E8 /* Build configuration list for PBXNativeTarget "ModulatorUITests" */ = {
			isa = XCConfigurationList;
			buildConfigurations = (
				6120EEAA1D38BB0F003F92E8 /* Debug */,
				6120EEAB1D38BB0F003F92E8 /* Release */,
			);
			defaultConfigurationIsVisible = 0;
			defaultConfigurationName = Release;
		};
/* End XCConfigurationList section */
	};
	rootObject = 6120EE731D38BB0F003F92E8 /* Project object */;
}
